
Microsoft Visual Studio Solution File, Format Version 12.00
# Visual Studio Version 17
VisualStudioVersion = 17.3.32804.467
MinimumVisualStudioVersion = 10.0.40219.1
Project("{FAE04EC0-301F-11D3-BF4B-00C04F79EFBC}") = "MemoryCacheSample", "MemoryCacheSample.csproj", "{462AB78D-8F64-4683-8955-EF2509DD4ADE}"
EndProject
Global
	GlobalSection(SolutionConfigurationPlatforms) = preSolution
		Debug|Any CPU = Debug|Any CPU
		Release|Any CPU = Release|Any CPU
	EndGlobalSection
	GlobalSection(ProjectConfigurationPlatforms) = postSolution
		{462AB78D-8F64-4683-8955-EF2509DD4ADE}.Debug|Any CPU.ActiveCfg = Debug|Any CPU
		{462AB78D-8F64-4683-8955-EF2509DD4ADE}.Debug|Any CPU.Build.0 = Debug|Any CPU
		{462AB78D-8F64-4683-8955-EF2509DD4ADE}.Release|Any CPU.ActiveCfg = Release|Any CPU
		{462AB78D-8F64-4683-8955-EF2509DD4ADE}.Release|Any CPU.Build.0 = Release|Any CPU
	EndGlobalSection
	GlobalSection(SolutionProperties) = preSolution
		HideSolutionNode = FALSE
	EndGlobalSection
	GlobalSection(ExtensibilityGlobals) = postSolution
		SolutionGuid = {574AF266-F581-49BE-AA27-0C9AC26E3C97}
	EndGlobalSection
EndGlobal
